
Microsoft Visual Studio Solution File, Format Version 12.00
# Visual Studio 15
VisualStudioVersion = 15.0.28010.2046
MinimumVisualStudioVersion = 10.0.40219.1
Project("{FAE04EC0-301F-11D3-BF4B-00C04F79EFBC}") = "DanceSportDatabase", "DanceSportDatabase\DanceSportDatabase.csproj", "{4B8D5111-659F-4F53-AD26-A123E2918CD1}"
EndProject
Project("{FAE04EC0-301F-11D3-BF4B-00C04F79EFBC}") = "DanceSportData", "DanceSportData\DanceSportData.csproj", "{A5C803E1-C9A6-417F-B6F3-CB6A79551060}"
EndProject
Global
	GlobalSection(SolutionConfigurationPlatforms) = preSolution
		Debug|Any CPU = Debug|Any CPU
		Release|Any CPU = Release|Any CPU
	EndGlobalSection
	GlobalSection(ProjectConfigurationPlatforms) = postSolution
		{4B8D5111-659F-4F53-AD26-A123E2918CD1}.Debug|Any CPU.ActiveCfg = Debug|Any CPU
		{4B8D5111-659F-4F53-AD26-A123E2918CD1}.Debug|Any CPU.Build.0 = Debug|Any CPU
		{4B8D5111-659F-4F53-AD26-A123E2918CD1}.Release|Any CPU.ActiveCfg = Release|Any CPU
		{4B8D5111-659F-4F53-AD26-A123E2918CD1}.Release|Any CPU.Build.0 = Release|Any CPU
		{A5C803E1-C9A6-417F-B6F3-CB6A79551060}.Debug|Any CPU.ActiveCfg = Debug|Any CPU
		{A5C803E1-C9A6-417F-B6F3-CB6A79551060}.Debug|Any CPU.Build.0 = Debug|Any CPU
		{A5C803E1-C9A6-417F-B6F3-CB6A79551060}.Release|Any CPU.ActiveCfg = Release|Any CPU
		{A5C803E1-C9A6-417F-B6F3-CB6A79551060}.Release|Any CPU.Build.0 = Release|Any CPU
	EndGlobalSection
	GlobalSection(SolutionProperties) = preSolution
		HideSolutionNode = FALSE
	EndGlobalSection
	GlobalSection(ExtensibilityGlobals) = postSolution
		SolutionGuid = {B6CB6FBA-1921-4943-A8E1-E04200BEC7E2}
	EndGlobalSection
EndGlobal
